// !$*UTF8*$!
{
	archiveVersion = 1;
	classes = {
	};
	objectVersion = 46;
	objects = {

/* Begin PBXBuildFile section */
		030D53AC1D36950C00F8B116 /* AppDelegate.swift in Sources */ = {isa = PBXBuildFile; fileRef = 030D53AB1D36950C00F8B116 /* AppDelegate.swift */; };
		030D53AE1D36950C00F8B116 /* ViewController.swift in Sources */ = {isa = PBXBuildFile; fileRef = 030D53AD1D36950C00F8B116 /* ViewController.swift */; };
		030D53B11D36950C00F8B116 /* Main.storyboard in Resources */ = {isa = PBXBuildFile; fileRef = 030D53AF1D36950C00F8B116 /* Main.storyboard */; };
		030D53B31D36950C00F8B116 /* Assets.xcassets in Resources */ = {isa = PBXBuildFile; fileRef = 030D53B21D36950C00F8B116 /* Assets.xcassets */; };
		030D53B61D36950C00F8B116 /* LaunchScreen.storyboard in Resources */ = {isa = PBXBuildFile; fileRef = 030D53B41D36950C00F8B116 /* LaunchScreen.storyboard */; };
		030D53C11D36950C00F8B116 /* Reciept_TrackrTests.swift in Sources */ = {isa = PBXBuildFile; fileRef = 030D53C01D36950C00F8B116 /* Reciept_TrackrTests.swift */; };
		030D53CC1D36950D00F8B116 /* Reciept_TrackrUITests.swift in Sources */ = {isa = PBXBuildFile; fileRef = 030D53CB1D36950D00F8B116 /* Reciept_TrackrUITests.swift */; };
/* End PBXBuildFile section */

/* Begin PBXContainerItemProxy section */
		030D53BD1D36950C00F8B116 /* PBXContainerItemProxy */ = {
			isa = PBXContainerItemProxy;
			containerPortal = 030D53A01D36950C00F8B116 /* Project object */;
			proxyType = 1;
			remoteGlobalIDString = 030D53A71D36950C00F8B116;
			remoteInfo = "Reciept Trackr";
		};
		030D53C81D36950D00F8B116 /* PBXContainerItemProxy */ = {
			isa = PBXContainerItemProxy;
			containerPortal = 030D53A01D36950C00F8B116 /* Project object */;
			proxyType = 1;
			remoteGlobalIDString = 030D53A71D36950C00F8B116;
			remoteInfo = "Reciept Trackr";
		};
/* End PBXContainerItemProxy section */

/* Begin PBXFileReference section */
		030D53A81D36950C00F8B116 /* Reciept Trackr.app */ = {isa = PBXFileReference; explicitFileType = wrapper.application; includeInIndex = 0; path = "Reciept Trackr.app"; sourceTree = BUILT_PRODUCTS_DIR; };
		030D53AB1D36950C00F8B116 /* AppDelegate.swift */ = {isa = PBXFileReference; lastKnownFileType = sourcecode.swift; path = AppDelegate.swift; sourceTree = "<group>"; };
		030D53AD1D36950C00F8B116 /* ViewController.swift */ = {isa = PBXFileReference; lastKnownFileType = sourcecode.swift; path = ViewController.swift; sourceTree = "<group>"; };
		030D53B01D36950C00F8B116 /* Base */ = {isa = PBXFileReference; lastKnownFileType = file.storyboard; name = Base; path = Base.lproj/Main.storyboard; sourceTree = "<group>"; };
		030D53B21D36950C00F8B116 /* Assets.xcassets */ = {isa = PBXFileReference; lastKnownFileType = folder.assetcatalog; path = Assets.xcassets; sourceTree = "<group>"; };
		030D53B51D36950C00F8B116 /* Base */ = {isa = PBXFileReference; lastKnownFileType = file.storyboard; name = Base; path = Base.lproj/LaunchScreen.storyboard; sourceTree = "<group>"; };
		030D53B71D36950C00F8B116 /* Info.plist */ = {isa = PBXFileReference; lastKnownFileType = text.plist.xml; path = Info.plist; sourceTree = "<group>"; };
		030D53BC1D36950C00F8B116 /* Reciept TrackrTests.xctest */ = {isa = PBXFileReference; explicitFileType = wrapper.cfbundle; includeInIndex = 0; path = "Reciept TrackrTests.xctest"; sourceTree = BUILT_PRODUCTS_DIR; };
		030D53C01D36950C00F8B116 /* Reciept_TrackrTests.swift */ = {isa = PBXFileReference; lastKnownFileType = sourcecode.swift; path = Reciept_TrackrTests.swift; sourceTree = "<group>"; };
		030D53C21D36950D00F8B116 /* Info.plist */ = {isa = PBXFileReference; lastKnownFileType = text.plist.xml; path = Info.plist; sourceTree = "<group>"; };
		030D53C71D36950D00F8B116 /* Reciept TrackrUITests.xctest */ = {isa = PBXFileReference; explicitFileType = wrapper.cfbundle; includeInIndex = 0; path = "Reciept TrackrUITests.xctest"; sourceTree = BUILT_PRODUCTS_DIR; };
		030D53CB1D36950D00F8B116 /* Reciept_TrackrUITests.swift */ = {isa = PBXFileReference; lastKnownFileType = sourcecode.swift; path = Reciept_TrackrUITests.swift; sourceTree = "<group>"; };
		030D53CD1D36950D00F8B116 /* Info.plist */ = {isa = PBXFileReference; lastKnownFileType = text.plist.xml; path = Info.plist; sourceTree = "<group>"; };
/* End PBXFileReference section */

/* Begin PBXFrameworksBuildPhase section */
		030D53A51D36950C00F8B116 /* Frameworks */ = {
			isa = PBXFrameworksBuildPhase;
			buildActionMask = 2147483647;
			files = (
			);
			runOnlyForDeploymentPostprocessing = 0;
		};
		030D53B91D36950C00F8B116 /* Frameworks */ = {
			isa = PBXFrameworksBuildPhase;
			buildActionMask = 2147483647;
			files = (
			);
			runOnlyForDeploymentPostprocessing = 0;
		};
		030D53C41D36950D00F8B116 /* Frameworks */ = {
			isa = PBXFrameworksBuildPhase;
			buildActionMask = 2147483647;
			files = (
			);
			runOnlyForDeploymentPostprocessing = 0;
		};
/* End PBXFrameworksBuildPhase section */

/* Begin PBXGroup section */
		030D539F1D36950C00F8B116 = {
			isa = PBXGroup;
			children = (
				030D53AA1D36950C00F8B116 /* Reciept Trackr */,
				030D53BF1D36950C00F8B116 /* Reciept TrackrTests */,
				030D53CA1D36950D00F8B116 /* Reciept TrackrUITests */,
				030D53A91D36950C00F8B116 /* Products */,
			);
			sourceTree = "<group>";
		};
		030D53A91D36950C00F8B116 /* Products */ = {
			isa = PBXGroup;
			children = (
				030D53A81D36950C00F8B116 /* Reciept Trackr.app */,
				030D53BC1D36950C00F8B116 /* Reciept TrackrTests.xctest */,
				030D53C71D36950D00F8B116 /* Reciept TrackrUITests.xctest */,
			);
			name = Products;
			sourceTree = "<group>";
		};
		030D53AA1D36950C00F8B116 /* Reciept Trackr */ = {
			isa = PBXGroup;
			children = (
				030D53AB1D36950C00F8B116 /* AppDelegate.swift */,
				030D53AD1D36950C00F8B116 /* ViewController.swift */,
				030D53AF1D36950C00F8B116 /* Main.storyboard */,
				030D53B21D36950C00F8B116 /* Assets.xcassets */,
				030D53B41D36950C00F8B116 /* LaunchScreen.storyboard */,
				030D53B71D36950C00F8B116 /* Info.plist */,
			);
			path = "Reciept Trackr";
			sourceTree = "<group>";
		};
		030D53BF1D36950C00F8B116 /* Reciept TrackrTests */ = {
			isa = PBXGroup;
			children = (
				030D53C01D36950C00F8B116 /* Reciept_TrackrTests.swift */,
				030D53C21D36950D00F8B116 /* Info.plist */,
			);
			path = "Reciept TrackrTests";
			sourceTree = "<group>";
		};
		030D53CA1D36950D00F8B116 /* Reciept TrackrUITests */ = {
			isa = PBXGroup;
			children = (
				030D53CB1D36950D00F8B116 /* Reciept_TrackrUITests.swift */,
				030D53CD1D36950D00F8B116 /* Info.plist */,
			);
			path = "Reciept TrackrUITests";
			sourceTree = "<group>";
		};
/* End PBXGroup section */

/* Begin PBXNativeTarget section */
		030D53A71D36950C00F8B116 /* Reciept Trackr */ = {
			isa = PBXNativeTarget;
			buildConfigurationList = 030D53D01D36950D00F8B116 /* Build configuration list for PBXNativeTarget "Reciept Trackr" */;
			buildPhases = (
				030D53A41D36950C00F8B116 /* Sources */,
				030D53A51D36950C00F8B116 /* Frameworks */,
				030D53A61D36950C00F8B116 /* Resources */,
			);
			buildRules = (
			);
			dependencies = (
			);
			name = "Reciept Trackr";
			productName = "Reciept Trackr";
			productReference = 030D53A81D36950C00F8B116 /* Reciept Trackr.app */;
			productType = "com.apple.product-type.application";
		};
		030D53BB1D36950C00F8B116 /* Reciept TrackrTests */ = {
			isa = PBXNativeTarget;
			buildConfigurationList = 030D53D31D36950D00F8B116 /* Build configuration list for PBXNativeTarget "Reciept TrackrTests" */;
			buildPhases = (
				030D53B81D36950C00F8B116 /* Sources */,
				030D53B91D36950C00F8B116 /* Frameworks */,
				030D53BA1D36950C00F8B116 /* Resources */,
			);
			buildRules = (
			);
			dependencies = (
				030D53BE1D36950C00F8B116 /* PBXTargetDependency */,
			);
			name = "Reciept TrackrTests";
			productName = "Reciept TrackrTests";
			productReference = 030D53BC1D36950C00F8B116 /* Reciept TrackrTests.xctest */;
			productType = "com.apple.product-type.bundle.unit-test";
		};
		030D53C61D36950D00F8B116 /* Reciept TrackrUITests */ = {
			isa = PBXNativeTarget;
			buildConfigurationList = 030D53D61D36950D00F8B116 /* Build configuration list for PBXNativeTarget "Reciept TrackrUITests" */;
			buildPhases = (
				030D53C31D36950D00F8B116 /* Sources */,
				030D53C41D36950D00F8B116 /* Frameworks */,
				030D53C51D36950D00F8B116 /* Resources */,
			);
			buildRules = (
			);
			dependencies = (
				030D53C91D36950D00F8B116 /* PBXTargetDependency */,
			);
			name = "Reciept TrackrUITests";
			productName = "Reciept TrackrUITests";
			productReference = 030D53C71D36950D00F8B116 /* Reciept TrackrUITests.xctest */;
			productType = "com.apple.product-type.bundle.ui-testing";
		};
/* End PBXNativeTarget section */

/* Begin PBXProject section */
		030D53A01D36950C00F8B116 /* Project object */ = {
			isa = PBXProject;
			attributes = {
				LastSwiftUpdateCheck = 0730;
				LastUpgradeCheck = 0730;
				ORGANIZATIONNAME = "Vetek Systems";
				TargetAttributes = {
					030D53A71D36950C00F8B116 = {
						CreatedOnToolsVersion = 7.3.1;
					};
					030D53BB1D36950C00F8B116 = {
						CreatedOnToolsVersion = 7.3.1;
						TestTargetID = 030D53A71D36950C00F8B116;
					};
					030D53C61D36950D00F8B116 = {
						CreatedOnToolsVersion = 7.3.1;
						TestTargetID = 030D53A71D36950C00F8B116;
					};
				};
			};
			buildConfigurationList = 030D53A31D36950C00F8B116 /* Build configuration list for PBXProject "Reciept Trackr" */;
			compatibilityVersion = "Xcode 3.2";
			developmentRegion = English;
			hasScannedForEncodings = 0;
			knownRegions = (
				en,
				Base,
			);
			mainGroup = 030D539F1D36950C00F8B116;
			productRefGroup = 030D53A91D36950C00F8B116 /* Products */;
			projectDirPath = "";
			projectRoot = "";
			targets = (
				030D53A71D36950C00F8B116 /* Reciept Trackr */,
				030D53BB1D36950C00F8B116 /* Reciept TrackrTests */,
				030D53C61D36950D00F8B116 /* Reciept TrackrUITests */,
			);
		};
/* End PBXProject section */

/* Begin PBXResourcesBuildPhase section */
		030D53A61D36950C00F8B116 /* Resources */ = {
			isa = PBXResourcesBuildPhase;
			buildActionMask = 2147483647;
			files = (
				030D53B61D36950C00F8B116 /* LaunchScreen.storyboard in Resources */,
				030D53B31D36950C00F8B116 /* Assets.xcassets in Resources */,
				030D53B11D36950C00F8B116 /* Main.storyboard in Resources */,
			);
			runOnlyForDeploymentPostprocessing = 0;
		};
		030D53BA1D36950C00F8B116 /* Resources */ = {
			isa = PBXResourcesBuildPhase;
			buildActionMask = 2147483647;
			files = (
			);
			runOnlyForDeploymentPostprocessing = 0;
		};
		030D53C51D36950D00F8B116 /* Resources */ = {
			isa = PBXResourcesBuildPhase;
			buildActionMask = 2147483647;
			files = (
			);
			runOnlyForDeploymentPostprocessing = 0;
		};
/* End PBXResourcesBuildPhase section */

/* Begin PBXSourcesBuildPhase section */
		030D53A41D36950C00F8B116 /* Sources */ = {
			isa = PBXSourcesBuildPhase;
			buildActionMask = 2147483647;
			files = (
				030D53AE1D36950C00F8B116 /* ViewController.swift in Sources */,
				030D53AC1D36950C00F8B116 /* AppDelegate.swift in Sources */,
			);
			runOnlyForDeploymentPostprocessing = 0;
		};
		030D53B81D36950C00F8B116 /* Sources */ = {
			isa = PBXSourcesBuildPhase;
			buildActionMask = 2147483647;
			files = (
				030D53C11D36950C00F8B116 /* Reciept_TrackrTests.swift in Sources */,
			);
			runOnlyForDeploymentPostprocessing = 0;
		};
		030D53C31D36950D00F8B116 /* Sources */ = {
			isa = PBXSourcesBuildPhase;
			buildActionMask = 2147483647;
			files = (
				030D53CC1D36950D00F8B116 /* Reciept_TrackrUITests.swift in Sources */,
			);
			runOnlyForDeploymentPostprocessing = 0;
		};
/* End PBXSourcesBuildPhase section */

/* Begin PBXTargetDependency section */
		030D53BE1D36950C00F8B116 /* PBXTargetDependency */ = {
			isa = PBXTargetDependency;
			target = 030D53A71D36950C00F8B116 /* Reciept Trackr */;
			targetProxy = 030D53BD1D36950C00F8B116 /* PBXContainerItemProxy */;
		};
		030D53C91D36950D00F8B116 /* PBXTargetDependency */ = {
			isa = PBXTargetDependency;
			target = 030D53A71D36950C00F8B116 /* Reciept Trackr */;
			targetProxy = 030D53C81D36950D00F8B116 /* PBXContainerItemProxy */;
		};
/* End PBXTargetDependency section */

/* Begin PBXVariantGroup section */
		030D53AF1D36950C00F8B116 /* Main.storyboard */ = {
			isa = PBXVariantGroup;
			children = (
				030D53B01D36950C00F8B116 /* Base */,
			);
			name = Main.storyboard;
			sourceTree = "<group>";
		};
		030D53B41D36950C00F8B116 /* LaunchScreen.storyboard */ = {
			isa = PBXVariantGroup;
			children = (
				030D53B51D36950C00F8B116 /* Base */,
			);
			name = LaunchScreen.storyboard;
			sourceTree = "<group>";
		};
/* End PBXVariantGroup section */

/* Begin XCBuildConfiguration section */
		030D53CE1D36950D00F8B116 /* Debug */ = {
			isa = XCBuildConfiguration;
			buildSettings = {
				ALWAYS_SEARCH_USER_PATHS = NO;
				CLANG_ANALYZER_NONNULL = YES;
				CLANG_CXX_LANGUAGE_STANDARD = "gnu++0x";
				CLANG_CXX_LIBRARY = "libc++";
				CLANG_ENABLE_MODULES = YES;
				CLANG_ENABLE_OBJC_ARC = YES;
				CLANG_WARN_BOOL_CONVERSION = YES;
				CLANG_WARN_CONSTANT_CONVERSION = YES;
				CLANG_WARN_DIRECT_OBJC_ISA_USAGE = YES_ERROR;
				CLANG_WARN_EMPTY_BODY = YES;
				CLANG_WARN_ENUM_CONVERSION = YES;
				CLANG_WARN_INT_CONVERSION = YES;
				CLANG_WARN_OBJC_ROOT_CLASS = YES_ERROR;
				CLANG_WARN_UNREACHABLE_CODE = YES;
				CLANG_WARN__DUPLICATE_METHOD_MATCH = YES;
				"CODE_SIGN_IDENTITY[sdk=iphoneos*]" = "iPhone Developer";
				COPY_PHASE_STRIP = NO;
				DEBUG_INFORMATION_FORMAT = dwarf;
				ENABLE_STRICT_OBJC_MSGSEND = YES;
				ENABLE_TESTABILITY = YES;
				GCC_C_LANGUAGE_STANDARD = gnu99;
				GCC_DYNAMIC_NO_PIC = NO;
				GCC_NO_COMMON_BLOCKS = YES;
				GCC_OPTIMIZATION_LEVEL = 0;
				GCC_PREPROCESSOR_DEFINITIONS = (
					"DEBUG=1",
					"$(inherited)",
				);
				GCC_WARN_64_TO_32_BIT_CONVERSION = YES;
				GCC_WARN_ABOUT_RETURN_TYPE = YES_ERROR;
				GCC_WARN_UNDECLARED_SELECTOR = YES;
				GCC_WARN_UNINITIALIZED_AUTOS = YES_AGGRESSIVE;
				GCC_WARN_UNUSED_FUNCTION = YES;
				GCC_WARN_UNUSED_VARIABLE = YES;
				IPHONEOS_DEPLOYMENT_TARGET = 9.3;
				MTL_ENABLE_DEBUG_INFO = YES;
				ONLY_ACTIVE_ARCH = YES;
				SDKROOT = iphoneos;
				SWIFT_OPTIMIZATION_LEVEL = "-Onone";
			};
			name = Debug;
		};
		030D53CF1D36950D00F8B116 /* Release */ = {
			isa = XCBuildConfiguration;
			buildSettings = {
				ALWAYS_SEARCH_USER_PATHS = NO;
				CLANG_ANALYZER_NONNULL = YES;
				CLANG_CXX_LANGUAGE_STANDARD = "gnu++0x";
				CLANG_CXX_LIBRARY = "libc++";
				CLANG_ENABLE_MODULES = YES;
				CLANG_ENABLE_OBJC_ARC = YES;
				CLANG_WARN_BOOL_CONVERSION = YES;
				CLANG_WARN_CONSTANT_CONVERSION = YES;
				CLANG_WARN_DIRECT_OBJC_ISA_USAGE = YES_ERROR;
				CLANG_WARN_EMPTY_BODY = YES;
				CLANG_WARN_ENUM_CONVERSION = YES;
				CLANG_WARN_INT_CONVERSION = YES;
				CLANG_WARN_OBJC_ROOT_CLASS = YES_ERROR;
				CLANG_WARN_UNREACHABLE_CODE = YES;
				CLANG_WARN__DUPLICATE_METHOD_MATCH = YES;
				"CODE_SIGN_IDENTITY[sdk=iphoneos*]" = "iPhone Developer";
				COPY_PHASE_STRIP = NO;
				DEBUG_INFORMATION_FORMAT = "dwarf-with-dsym";
				ENABLE_NS_ASSERTIONS = NO;
				ENABLE_STRICT_OBJC_MSGSEND = YES;
				GCC_C_LANGUAGE_STANDARD = gnu99;
				GCC_NO_COMMON_BLOCKS = YES;
				GCC_WARN_64_TO_32_BIT_CONVERSION = YES;
				GCC_WARN_ABOUT_RETURN_TYPE = YES_ERROR;
				GCC_WARN_UNDECLARED_SELECTOR = YES;
				GCC_WARN_UNINITIALIZED_AUTOS = YES_AGGRESSIVE;
				GCC_WARN_UNUSED_FUNCTION = YES;
				GCC_WARN_UNUSED_VARIABLE = YES;
				IPHONEOS_DEPLOYMENT_TARGET = 9.3;
				MTL_ENABLE_DEBUG_INFO = NO;
				SDKROOT = iphoneos;
				VALIDATE_PRODUCT = YES;
			};
			name = Release;
		};
		030D53D11D36950D00F8B116 /* Debug */ = {
			isa = XCBuildConfiguration;
			buildSettings = {
				ASSETCATALOG_COMPILER_APPICON_NAME = AppIcon;
				INFOPLIST_FILE = "Reciept Trackr/Info.plist";
				LD_RUNPATH_SEARCH_PATHS = "$(inherited) @executable_path/Frameworks";
				PRODUCT_BUNDLE_IDENTIFIER = "com.reciepttrackr.Reciept-Trackr";
				PRODUCT_NAME = "$(TARGET_NAME)";
			};
			name = Debug;
		};
		030D53D21D36950D00F8B116 /* Release */ = {
			isa = XCBuildConfiguration;
			buildSettings = {
				ASSETCATALOG_COMPILER_APPICON_NAME = AppIcon;
				INFOPLIST_FILE = "Reciept Trackr/Info.plist";
				LD_RUNPATH_SEARCH_PATHS = "$(inherited) @executable_path/Frameworks";
				PRODUCT_BUNDLE_IDENTIFIER = "com.reciepttrackr.Reciept-Trackr";
				PRODUCT_NAME = "$(TARGET_NAME)";
			};
			name = Release;
		};
		030D53D41D36950D00F8B116 /* Debug */ = {
			isa = XCBuildConfiguration;
			buildSettings = {
				BUNDLE_LOADER = "$(TEST_HOST)";
				INFOPLIST_FILE = "Reciept TrackrTests/Info.plist";
				LD_RUNPATH_SEARCH_PATHS = "$(inherited) @executable_path/Frameworks @loader_path/Frameworks";
				PRODUCT_BUNDLE_IDENTIFIER = "com.reciepttrackr.Reciept-TrackrTests";
				PRODUCT_NAME = "$(TARGET_NAME)";
				TEST_HOST = "$(BUILT_PRODUCTS_DIR)/Reciept Trackr.app/Reciept Trackr";
			};
			name = Debug;
		};
		030D53D51D36950D00F8B116 /* Release */ = {
			isa = XCBuildConfiguration;
			buildSettings = {
				BUNDLE_LOADER = "$(TEST_HOST)";
				INFOPLIST_FILE = "Reciept TrackrTests/Info.plist";
				LD_RUNPATH_SEARCH_PATHS = "$(inherited) @executable_path/Frameworks @loader_path/Frameworks";
				PRODUCT_BUNDLE_IDENTIFIER = "com.reciepttrackr.Reciept-TrackrTests";
				PRODUCT_NAME = "$(TARGET_NAME)";
				TEST_HOST = "$(BUILT_PRODUCTS_DIR)/Reciept Trackr.app/Reciept Trackr";
			};
			name = Release;
		};
		030D53D71D36950D00F8B116 /* Debug */ = {
			isa = XCBuildConfiguration;
			buildSettings = {
				INFOPLIST_FILE = "Reciept TrackrUITests/Info.plist";
				LD_RUNPATH_SEARCH_PATHS = "$(inherited) @executable_path/Frameworks @loader_path/Frameworks";
				PRODUCT_BUNDLE_IDENTIFIER = "com.reciepttrackr.Reciept-TrackrUITests";
				PRODUCT_NAME = "$(TARGET_NAME)";
				TEST_TARGET_NAME = "Reciept Trackr";
			};
			name = Debug;
		};
		030D53D81D36950D00F8B116 /* Release */ = {
			isa = XCBuildConfiguration;
			buildSettings = {
				INFOPLIST_FILE = "Reciept TrackrUITests/Info.plist";
				LD_RUNPATH_SEARCH_PATHS = "$(inherited) @executable_path/Frameworks @loader_path/Frameworks";
				PRODUCT_BUNDLE_IDENTIFIER = "com.reciepttrackr.Reciept-TrackrUITests";
				PRODUCT_NAME = "$(TARGET_NAME)";
				TEST_TARGET_NAME = "Reciept Trackr";
			};
			name = Release;
		};
/* End XCBuildConfiguration section */

/* Begin XCConfigurationList section */
		030D53A31D36950C00F8B116 /* Build configuration list for PBXProject "Reciept Trackr" */ = {
			isa = XCConfigurationList;
			buildConfigurations = (
				030D53CE1D36950D00F8B116 /* Debug */,
				030D53CF1D36950D00F8B116 /* Release */,
			);
			defaultConfigurationIsVisible = 0;
			defaultConfigurationName = Release;
		};
		030D53D01D36950D00F8B116 /* Build configuration list for PBXNativeTarget "Reciept Trackr" */ = {
			isa = XCConfigurationList;
			buildConfigurations = (
				030D53D11D36950D00F8B116 /* Debug */,
				030D53D21D36950D00F8B116 /* Release */,
			);
			defaultConfigurationIsVisible = 0;
		};
		030D53D31D36950D00F8B116 /* Build configuration list for PBXNativeTarget "Reciept TrackrTests" */ = {
			isa = XCConfigurationList;
			buildConfigurations = (
				030D53D41D36950D00F8B116 /* Debug */,
				030D53D51D36950D00F8B116 /* Release */,
			);
			defaultConfigurationIsVisible = 0;
		};
		030D53D61D36950D00F8B116 /* Build configuration list for PBXNativeTarget "Reciept TrackrUITests" */ = {
			isa = XCConfigurationList;
			buildConfigurations = (
				030D53D71D36950D00F8B116 /* Debug */,
				030D53D81D36950D00F8B116 /* Release */,
			);
			defaultConfigurationIsVisible = 0;
		};
/* End XCConfigurationList section */
	};
	rootObject = 030D53A01D36950C00F8B116 /* Project object */;
}
